<?xml version="1.0" encoding="utf-8"?>
<Project ToolsVersion="4.0" xmlns="http://schemas.microsoft.com/developer/msbuild/2003">
  <ItemGroup>
    <Filter Include="Source Files">
      <UniqueIdentifier>{4FC737F1-C7A5-4376-A066-2A32D752A2FF}</UniqueIdentifier>
      <Extensions>cpp;c;cc;cxx;def;odl;idl;hpj;bat;asm;asmx</Extensions>
    </Filter>
    <Filter Include="Source Files\Renderer">
      <UniqueIdentifier>{ef6b70fd-dc46-4acf-805e-20699095159a}</UniqueIdentifier>
    </Filter>
    <Filter Include="Source Files\Window">
      <UniqueIdentifier>{eedcb270-ec5a-4232-9e6a-f8d7ff04bd83}</UniqueIdentifier>
    </Filter>
    <Filter Include="Source Files\Common">
      <UniqueIdentifier>{591d6064-5183-4064-9b96-0b990e3a4702}</UniqueIdentifier>
    </Filter>
  </ItemGroup>
  <ItemGroup>
    <ClCompile Include="main.cpp">
      <Filter>Source Files</Filter>
    </ClCompile>
    <ClCompile Include="Renderer\HardwareManager.cpp">
      <Filter>Source Files\Renderer</Filter>
    </ClCompile>
    <ClCompile Include="Renderer\Renderer.cpp">
      <Filter>Source Files\Renderer</Filter>
    </ClCompile>
    <ClCompile Include="Renderer\ResourcesManager.cpp">
      <Filter>Source Files\Renderer</Filter>
    </ClCompile>
    <ClCompile Include="Window\Window32.cpp">
      <Filter>Source Files\Window</Filter>
    </ClCompile>
    <ClCompile Include="Window\WindowManager.cpp">
      <Filter>Source Files\Window</Filter>
    </ClCompile>
    <ClCompile Include="Renderer\SwapChain.cpp">
      <Filter>Source Files\Renderer</Filter>
    </ClCompile>
    <ClCompile Include="Renderer\Device.cpp">
      <Filter>Source Files\Renderer</Filter>
    </ClCompile>
  </ItemGroup>
  <ItemGroup>
    <ClInclude Include="Renderer\D3DIncludes.hpp">
      <Filter>Source Files\Renderer</Filter>
    </ClInclude>
    <ClInclude Include="Renderer\HardwareManager.hpp">
      <Filter>Source Files\Renderer</Filter>
    </ClInclude>
    <ClInclude Include="Renderer\Renderer.hpp">
      <Filter>Source Files\Renderer</Filter>
    </ClInclude>
    <ClInclude Include="Renderer\ResourcesManager.hpp">
      <Filter>Source Files\Renderer</Filter>
    </ClInclude>
    <ClInclude Include="Window\IWindow.hpp">
      <Filter>Source Files\Window</Filter>
    </ClInclude>
    <ClInclude Include="Window\IWindowEventHandler.hpp">
      <Filter>Source Files\Window</Filter>
    </ClInclude>
    <ClInclude Include="Window\Window32.hpp">
      <Filter>Source Files\Window</Filter>
    </ClInclude>
    <ClInclude Include="Window\WindowManager.hpp">
      <Filter>Source Files\Window</Filter>
    </ClInclude>
    <ClInclude Include="Common\Logger.hpp">
      <Filter>Source Files\Common</Filter>
    </ClInclude>
    <ClInclude Include="Common\Types.hpp">
      <Filter>Source Files\Common</Filter>
    </ClInclude>
    <ClInclude Include="Renderer\SwapChain.hpp">
      <Filter>Source Files\Renderer</Filter>
    </ClInclude>
    <ClInclude Include="Renderer\Device.hpp">
      <Filter>Source Files\Renderer</Filter>
    </ClInclude>
  </ItemGroup>
</Project>